
Microsoft Visual Studio Solution File, Format Version 12.00
# Visual Studio 15
VisualStudioVersion = 15.0.26228.4
MinimumVisualStudioVersion = 10.0.40219.1
Project("{FAE04EC0-301F-11D3-BF4B-00C04F79EFBC}") = "CPL.Core", "CPL.Core\CPL.Core.csproj", "{04D0E496-C9C4-4389-97F0-8EF3B1B97F21}"
EndProject
Project("{FAE04EC0-301F-11D3-BF4B-00C04F79EFBC}") = "CPL.API", "CPL.API\CPL.API.csproj", "{EE657D0B-F3DA-4C41-BC1C-075AC6C806FA}"
EndProject
Project("{FAE04EC0-301F-11D3-BF4B-00C04F79EFBC}") = "CPL.Data", "CPL.Data\CPL.Data.csproj", "{48EADB47-A5C8-4B22-8D9D-DF28B45E6C15}"
EndProject
Project("{FAE04EC0-301F-11D3-BF4B-00C04F79EFBC}") = "CPL.Models", "CPL.Models\CPL.Models.csproj", "{7C7036B6-135D-4212-A86F-A6C945340B33}"
EndProject
Global
	GlobalSection(SolutionConfigurationPlatforms) = preSolution
		Debug|Any CPU = Debug|Any CPU
		Release|Any CPU = Release|Any CPU
	EndGlobalSection
	GlobalSection(ProjectConfigurationPlatforms) = postSolution
		{04D0E496-C9C4-4389-97F0-8EF3B1B97F21}.Debug|Any CPU.ActiveCfg = Debug|Any CPU
		{04D0E496-C9C4-4389-97F0-8EF3B1B97F21}.Debug|Any CPU.Build.0 = Debug|Any CPU
		{04D0E496-C9C4-4389-97F0-8EF3B1B97F21}.Release|Any CPU.ActiveCfg = Release|Any CPU
		{04D0E496-C9C4-4389-97F0-8EF3B1B97F21}.Release|Any CPU.Build.0 = Release|Any CPU
		{EE657D0B-F3DA-4C41-BC1C-075AC6C806FA}.Debug|Any CPU.ActiveCfg = Debug|Any CPU
		{EE657D0B-F3DA-4C41-BC1C-075AC6C806FA}.Debug|Any CPU.Build.0 = Debug|Any CPU
		{EE657D0B-F3DA-4C41-BC1C-075AC6C806FA}.Release|Any CPU.ActiveCfg = Release|Any CPU
		{EE657D0B-F3DA-4C41-BC1C-075AC6C806FA}.Release|Any CPU.Build.0 = Release|Any CPU
		{48EADB47-A5C8-4B22-8D9D-DF28B45E6C15}.Debug|Any CPU.ActiveCfg = Debug|Any CPU
		{48EADB47-A5C8-4B22-8D9D-DF28B45E6C15}.Debug|Any CPU.Build.0 = Debug|Any CPU
		{48EADB47-A5C8-4B22-8D9D-DF28B45E6C15}.Release|Any CPU.ActiveCfg = Release|Any CPU
		{48EADB47-A5C8-4B22-8D9D-DF28B45E6C15}.Release|Any CPU.Build.0 = Release|Any CPU
		{7C7036B6-135D-4212-A86F-A6C945340B33}.Debug|Any CPU.ActiveCfg = Debug|Any CPU
		{7C7036B6-135D-4212-A86F-A6C945340B33}.Debug|Any CPU.Build.0 = Debug|Any CPU
		{7C7036B6-135D-4212-A86F-A6C945340B33}.Release|Any CPU.ActiveCfg = Release|Any CPU
		{7C7036B6-135D-4212-A86F-A6C945340B33}.Release|Any CPU.Build.0 = Release|Any CPU
	EndGlobalSection
	GlobalSection(SolutionProperties) = preSolution
		HideSolutionNode = FALSE
	EndGlobalSection
EndGlobal
